
Microsoft Visual Studio Solution File, Format Version 12.00
# Visual Studio Version 16
VisualStudioVersion = 16.0.31624.102
MinimumVisualStudioVersion = 10.0.40219.1
Project("{FAE04EC0-301F-11D3-BF4B-00C04F79EFBC}") = "DotNetTests", "DotNetTests\DotNetTests.csproj", "{6BC68FE9-6C30-42D3-8CF3-DBB7F2870344}"
EndProject
Project("{FAE04EC0-301F-11D3-BF4B-00C04F79EFBC}") = "DotNetTestsTests", "DotNetTestsTests\DotNetTestsTests.csproj", "{2EF7242E-3B1F-4CA6-A001-D9BC4E316A40}"
EndProject
Global
	GlobalSection(SolutionConfigurationPlatforms) = preSolution
		Debug|Any CPU = Debug|Any CPU
		Release|Any CPU = Release|Any CPU
	EndGlobalSection
	GlobalSection(ProjectConfigurationPlatforms) = postSolution
		{6BC68FE9-6C30-42D3-8CF3-DBB7F2870344}.Debug|Any CPU.ActiveCfg = Debug|Any CPU
		{6BC68FE9-6C30-42D3-8CF3-DBB7F2870344}.Debug|Any CPU.Build.0 = Debug|Any CPU
		{6BC68FE9-6C30-42D3-8CF3-DBB7F2870344}.Release|Any CPU.ActiveCfg = Release|Any CPU
		{6BC68FE9-6C30-42D3-8CF3-DBB7F2870344}.Release|Any CPU.Build.0 = Release|Any CPU
		{2EF7242E-3B1F-4CA6-A001-D9BC4E316A40}.Debug|Any CPU.ActiveCfg = Debug|Any CPU
		{2EF7242E-3B1F-4CA6-A001-D9BC4E316A40}.Debug|Any CPU.Build.0 = Debug|Any CPU
		{2EF7242E-3B1F-4CA6-A001-D9BC4E316A40}.Release|Any CPU.ActiveCfg = Release|Any CPU
		{2EF7242E-3B1F-4CA6-A001-D9BC4E316A40}.Release|Any CPU.Build.0 = Release|Any CPU
	EndGlobalSection
	GlobalSection(SolutionProperties) = preSolution
		HideSolutionNode = FALSE
	EndGlobalSection
	GlobalSection(ExtensibilityGlobals) = postSolution
		SolutionGuid = {605CDA2B-90DA-4E3B-80EB-A562D025666D}
	EndGlobalSection
EndGlobal
